
Microsoft Visual Studio Solution File, Format Version 12.00
# Visual Studio Version 16
VisualStudioVersion = 16.0.31205.134
MinimumVisualStudioVersion = 10.0.40219.1
Project("{FAE04EC0-301F-11D3-BF4B-00C04F79EFBC}") = "CrudEFCoreWithSwagger", "CrudEFCoreWithSwagger\CrudEFCoreWithSwagger.csproj", "{5B780199-C27E-4A3D-8800-A3D28138F741}"
EndProject
Global
	GlobalSection(SolutionConfigurationPlatforms) = preSolution
		Debug|Any CPU = Debug|Any CPU
		Release|Any CPU = Release|Any CPU
	EndGlobalSection
	GlobalSection(ProjectConfigurationPlatforms) = postSolution
		{5B780199-C27E-4A3D-8800-A3D28138F741}.Debug|Any CPU.ActiveCfg = Debug|Any CPU
		{5B780199-C27E-4A3D-8800-A3D28138F741}.Debug|Any CPU.Build.0 = Debug|Any CPU
		{5B780199-C27E-4A3D-8800-A3D28138F741}.Release|Any CPU.ActiveCfg = Release|Any CPU
		{5B780199-C27E-4A3D-8800-A3D28138F741}.Release|Any CPU.Build.0 = Release|Any CPU
	EndGlobalSection
	GlobalSection(SolutionProperties) = preSolution
		HideSolutionNode = FALSE
	EndGlobalSection
	GlobalSection(ExtensibilityGlobals) = postSolution
		SolutionGuid = {ABF13EC6-8074-4EDB-B6C7-0CB31980B5D1}
	EndGlobalSection
EndGlobal
